{
  "name": "echarts-gantt",
  "version": "0.1.0",
  "lockfileVersion": 1,
  "requires": true,
  "dependencies": {
    "echarts": {
      "version": "4.0.2",
      "resolved": "http://registry.npm.taobao.org/echarts/download/echarts-4.0.2.tgz",
      "integrity": "sha1-xAXp5HmvmCODyK4rWUblLQWMYiA=",
      "requires": {
        "zrender": "4.0.1"
      },
      "dependencies": {
        "zrender": {
          "version": "4.0.1",
          "resolved": "http://registry.npm.taobao.org/zrender/download/zrender-4.0.1.tgz",
          "integrity": "sha1-lh53q8UELqpiS1Iw+NZzv2SCmOk="
        }
      }
    }
  }
}
